// !$*UTF8*$!
{
	archiveVersion = 1;
	classes = {
	};
	objectVersion = 46;
	objects = {

/* Begin PBXBuildFile section */
		1011E1541BB5CD7800DDAA36 /* GoogleProject.m in Sources */ = {isa = PBXBuildFile; fileRef = 1011E1531BB5CD7800DDAA36 /* GoogleProject.m */; };
		10E416B11B725E1800738090 /* main.m in Sources */ = {isa = PBXBuildFile; fileRef = 10E416B01B725E1800738090 /* main.m */; };
		10E416B91B725E6C00738090 /* GooglePodfileManager.m in Sources */ = {isa = PBXBuildFile; fileRef = 10E416B81B725E6C00738090 /* GooglePodfileManager.m */; };
		10E416C51B725F1100738090 /* GoogleCocoaPodsHelper.m in Sources */ = {isa = PBXBuildFile; fileRef = 10E416C41B725F1100738090 /* GoogleCocoaPodsHelper.m */; };
		10E416D91B729DE300738090 /* GoogleInfofileManager.m in Sources */ = {isa = PBXBuildFile; fileRef = 10E416D81B729DE300738090 /* GoogleInfofileManager.m */; };
/* End PBXBuildFile section */

/* Begin PBXCopyFilesBuildPhase section */
		10E416AB1B725E1800738090 /* CopyFiles */ = {
			isa = PBXCopyFilesBuildPhase;
			buildActionMask = 2147483647;
			dstPath = /usr/share/man/man1/;
			dstSubfolderSpec = 0;
			files = (
			);
			runOnlyForDeploymentPostprocessing = 1;
		};
/* End PBXCopyFilesBuildPhase section */

/* Begin PBXFileReference section */
		1011E1521BB5CD7800DDAA36 /* GoogleProject.h */ = {isa = PBXFileReference; fileEncoding = 4; lastKnownFileType = sourcecode.c.h; path = GoogleProject.h; sourceTree = "<group>"; };
		1011E1531BB5CD7800DDAA36 /* GoogleProject.m */ = {isa = PBXFileReference; fileEncoding = 4; lastKnownFileType = sourcecode.c.objc; path = GoogleProject.m; sourceTree = "<group>"; };
		10E416AD1B725E1800738090 /* GooglePodsHelper */ = {isa = PBXFileReference; explicitFileType = "compiled.mach-o.executable"; includeInIndex = 0; path = GooglePodsHelper; sourceTree = BUILT_PRODUCTS_DIR; };
		10E416B01B725E1800738090 /* main.m */ = {isa = PBXFileReference; lastKnownFileType = sourcecode.c.objc; path = main.m; sourceTree = "<group>"; };
		10E416B71B725E6C00738090 /* GooglePodfileManager.h */ = {isa = PBXFileReference; fileEncoding = 4; lastKnownFileType = sourcecode.c.h; path = GooglePodfileManager.h; sourceTree = "<group>"; };
		10E416B81B725E6C00738090 /* GooglePodfileManager.m */ = {isa = PBXFileReference; fileEncoding = 4; lastKnownFileType = sourcecode.c.objc; path = GooglePodfileManager.m; sourceTree = "<group>"; };
		10E416C31B725F1100738090 /* GoogleCocoaPodsHelper.h */ = {isa = PBXFileReference; fileEncoding = 4; lastKnownFileType = sourcecode.c.h; path = GoogleCocoaPodsHelper.h; sourceTree = "<group>"; };
		10E416C41B725F1100738090 /* GoogleCocoaPodsHelper.m */ = {isa = PBXFileReference; fileEncoding = 4; lastKnownFileType = sourcecode.c.objc; path = GoogleCocoaPodsHelper.m; sourceTree = "<group>"; };
		10E416D71B729D9B00738090 /* GoogleInfofileManager.h */ = {isa = PBXFileReference; lastKnownFileType = sourcecode.c.h; path = GoogleInfofileManager.h; sourceTree = "<group>"; };
		10E416D81B729DE300738090 /* GoogleInfofileManager.m */ = {isa = PBXFileReference; fileEncoding = 4; lastKnownFileType = sourcecode.c.objc; path = GoogleInfofileManager.m; sourceTree = "<group>"; };
/* End PBXFileReference section */

/* Begin PBXFrameworksBuildPhase section */
		10E416AA1B725E1800738090 /* Frameworks */ = {
			isa = PBXFrameworksBuildPhase;
			buildActionMask = 2147483647;
			files = (
			);
			runOnlyForDeploymentPostprocessing = 0;
		};
/* End PBXFrameworksBuildPhase section */

/* Begin PBXGroup section */
		10E416A41B725E1800738090 = {
			isa = PBXGroup;
			children = (
				10E416AF1B725E1800738090 /* GooglePodsHelper */,
				10E416AE1B725E1800738090 /* Products */,
			);
			sourceTree = "<group>";
		};
		10E416AE1B725E1800738090 /* Products */ = {
			isa = PBXGroup;
			children = (
				10E416AD1B725E1800738090 /* GooglePodsHelper */,
			);
			name = Products;
			sourceTree = "<group>";
		};
		10E416AF1B725E1800738090 /* GooglePodsHelper */ = {
			isa = PBXGroup;
			children = (
				1011E1521BB5CD7800DDAA36 /* GoogleProject.h */,
				1011E1531BB5CD7800DDAA36 /* GoogleProject.m */,
				10E416B01B725E1800738090 /* main.m */,
				10E416D71B729D9B00738090 /* GoogleInfofileManager.h */,
				10E416D81B729DE300738090 /* GoogleInfofileManager.m */,
				10E416B71B725E6C00738090 /* GooglePodfileManager.h */,
				10E416B81B725E6C00738090 /* GooglePodfileManager.m */,
				10E416C31B725F1100738090 /* GoogleCocoaPodsHelper.h */,
				10E416C41B725F1100738090 /* GoogleCocoaPodsHelper.m */,
			);
			path = GooglePodsHelper;
			sourceTree = "<group>";
		};
/* End PBXGroup section */

/* Begin PBXNativeTarget section */
		10E416AC1B725E1800738090 /* GooglePodsHelper */ = {
			isa = PBXNativeTarget;
			buildConfigurationList = 10E416B41B725E1800738090 /* Build configuration list for PBXNativeTarget "GooglePodsHelper" */;
			buildPhases = (
				10E416A91B725E1800738090 /* Sources */,
				10E416AA1B725E1800738090 /* Frameworks */,
				10E416AB1B725E1800738090 /* CopyFiles */,
			);
			buildRules = (
			);
			dependencies = (
			);
			name = GooglePodsHelper;
			productName = GooglePodsHelper;
			productReference = 10E416AD1B725E1800738090 /* GooglePodsHelper */;
			productType = "com.apple.product-type.tool";
		};
/* End PBXNativeTarget section */

/* Begin PBXProject section */
		10E416A51B725E1800738090 /* Project object */ = {
			isa = PBXProject;
			attributes = {
				LastUpgradeCheck = 0640;
				ORGANIZATIONNAME = Google;
				TargetAttributes = {
					10E416AC1B725E1800738090 = {
						CreatedOnToolsVersion = 6.4;
					};
				};
			};
			buildConfigurationList = 10E416A81B725E1800738090 /* Build configuration list for PBXProject "GooglePodsHelper" */;
			compatibilityVersion = "Xcode 3.2";
			developmentRegion = English;
			hasScannedForEncodings = 0;
			knownRegions = (
				en,
			);
			mainGroup = 10E416A41B725E1800738090;
			productRefGroup = 10E416AE1B725E1800738090 /* Products */;
			projectDirPath = "";
			projectRoot = "";
			targets = (
				10E416AC1B725E1800738090 /* GooglePodsHelper */,
			);
		};
/* End PBXProject section */

/* Begin PBXSourcesBuildPhase section */
		10E416A91B725E1800738090 /* Sources */ = {
			isa = PBXSourcesBuildPhase;
			buildActionMask = 2147483647;
			files = (
				10E416B11B725E1800738090 /* main.m in Sources */,
				10E416B91B725E6C00738090 /* GooglePodfileManager.m in Sources */,
				10E416C51B725F1100738090 /* GoogleCocoaPodsHelper.m in Sources */,
				1011E1541BB5CD7800DDAA36 /* GoogleProject.m in Sources */,
				10E416D91B729DE300738090 /* GoogleInfofileManager.m in Sources */,
			);
			runOnlyForDeploymentPostprocessing = 0;
		};
/* End PBXSourcesBuildPhase section */

/* Begin XCBuildConfiguration section */
		10E416B21B725E1800738090 /* Debug */ = {
			isa = XCBuildConfiguration;
			buildSettings = {
				ALWAYS_SEARCH_USER_PATHS = NO;
				CLANG_CXX_LANGUAGE_STANDARD = "gnu++0x";
				CLANG_CXX_LIBRARY = "libc++";
				CLANG_ENABLE_MODULES = YES;
				CLANG_ENABLE_OBJC_ARC = YES;
				CLANG_WARN_BOOL_CONVERSION = YES;
				CLANG_WARN_CONSTANT_CONVERSION = YES;
				CLANG_WARN_DIRECT_OBJC_ISA_USAGE = YES_ERROR;
				CLANG_WARN_EMPTY_BODY = YES;
				CLANG_WARN_ENUM_CONVERSION = YES;
				CLANG_WARN_INT_CONVERSION = YES;
				CLANG_WARN_OBJC_ROOT_CLASS = YES_ERROR;
				CLANG_WARN_UNREACHABLE_CODE = YES;
				CLANG_WARN__DUPLICATE_METHOD_MATCH = YES;
				COPY_PHASE_STRIP = NO;
				DEBUG_INFORMATION_FORMAT = dwarf;
				ENABLE_STRICT_OBJC_MSGSEND = YES;
				GCC_C_LANGUAGE_STANDARD = gnu99;
				GCC_DYNAMIC_NO_PIC = NO;
				GCC_NO_COMMON_BLOCKS = YES;
				GCC_OPTIMIZATION_LEVEL = 0;
				GCC_PREPROCESSOR_DEFINITIONS = (
					"DEBUG=1",
					"$(inherited)",
				);
				GCC_SYMBOLS_PRIVATE_EXTERN = NO;
				GCC_WARN_64_TO_32_BIT_CONVERSION = YES;
				GCC_WARN_ABOUT_RETURN_TYPE = YES_ERROR;
				GCC_WARN_UNDECLARED_SELECTOR = YES;
				GCC_WARN_UNINITIALIZED_AUTOS = YES_AGGRESSIVE;
				GCC_WARN_UNUSED_FUNCTION = YES;
				GCC_WARN_UNUSED_VARIABLE = YES;
				MACOSX_DEPLOYMENT_TARGET = 10.10;
				MTL_ENABLE_DEBUG_INFO = YES;
				ONLY_ACTIVE_ARCH = YES;
				SDKROOT = macosx;
			};
			name = Debug;
		};
		10E416B31B725E1800738090 /* Release */ = {
			isa = XCBuildConfiguration;
			buildSettings = {
				ALWAYS_SEARCH_USER_PATHS = NO;
				CLANG_CXX_LANGUAGE_STANDARD = "gnu++0x";
				CLANG_CXX_LIBRARY = "libc++";
				CLANG_ENABLE_MODULES = YES;
				CLANG_ENABLE_OBJC_ARC = YES;
				CLANG_WARN_BOOL_CONVERSION = YES;
				CLANG_WARN_CONSTANT_CONVERSION = YES;
				CLANG_WARN_DIRECT_OBJC_ISA_USAGE = YES_ERROR;
				CLANG_WARN_EMPTY_BODY = YES;
				CLANG_WARN_ENUM_CONVERSION = YES;
				CLANG_WARN_INT_CONVERSION = YES;
				CLANG_WARN_OBJC_ROOT_CLASS = YES_ERROR;
				CLANG_WARN_UNREACHABLE_CODE = YES;
				CLANG_WARN__DUPLICATE_METHOD_MATCH = YES;
				COPY_PHASE_STRIP = NO;
				DEBUG_INFORMATION_FORMAT = "dwarf-with-dsym";
				ENABLE_NS_ASSERTIONS = NO;
				ENABLE_STRICT_OBJC_MSGSEND = YES;
				GCC_C_LANGUAGE_STANDARD = gnu99;
				GCC_NO_COMMON_BLOCKS = YES;
				GCC_WARN_64_TO_32_BIT_CONVERSION = YES;
				GCC_WARN_ABOUT_RETURN_TYPE = YES_ERROR;
				GCC_WARN_UNDECLARED_SELECTOR = YES;
				GCC_WARN_UNINITIALIZED_AUTOS = YES_AGGRESSIVE;
				GCC_WARN_UNUSED_FUNCTION = YES;
				GCC_WARN_UNUSED_VARIABLE = YES;
				MACOSX_DEPLOYMENT_TARGET = 10.10;
				MTL_ENABLE_DEBUG_INFO = NO;
				SDKROOT = macosx;
			};
			name = Release;
		};
		10E416B51B725E1800738090 /* Debug */ = {
			isa = XCBuildConfiguration;
			buildSettings = {
				PRODUCT_NAME = "$(TARGET_NAME)";
			};
			name = Debug;
		};
		10E416B61B725E1800738090 /* Release */ = {
			isa = XCBuildConfiguration;
			buildSettings = {
				PRODUCT_NAME = "$(TARGET_NAME)";
			};
			name = Release;
		};
/* End XCBuildConfiguration section */

/* Begin XCConfigurationList section */
		10E416A81B725E1800738090 /* Build configuration list for PBXProject "GooglePodsHelper" */ = {
			isa = XCConfigurationList;
			buildConfigurations = (
				10E416B21B725E1800738090 /* Debug */,
				10E416B31B725E1800738090 /* Release */,
			);
			defaultConfigurationIsVisible = 0;
			defaultConfigurationName = Release;
		};
		10E416B41B725E1800738090 /* Build configuration list for PBXNativeTarget "GooglePodsHelper" */ = {
			isa = XCConfigurationList;
			buildConfigurations = (
				10E416B51B725E1800738090 /* Debug */,
				10E416B61B725E1800738090 /* Release */,
			);
			defaultConfigurationIsVisible = 0;
			defaultConfigurationName = Release;
		};
/* End XCConfigurationList section */
	};
	rootObject = 10E416A51B725E1800738090 /* Project object */;
}
